
Microsoft Visual Studio Solution File, Format Version 12.00
# Visual Studio Version 16
VisualStudioVersion = 16.0.30611.23
MinimumVisualStudioVersion = 10.0.40219.1
Project("{FAE04EC0-301F-11D3-BF4B-00C04F79EFBC}") = "ErinaScraper", "ErinaScraper\ErinaScraper.csproj", "{1C923CBC-C794-4B20-907F-1AC68C28FE59}"
EndProject
Global
	GlobalSection(SolutionConfigurationPlatforms) = preSolution
		Debug|Any CPU = Debug|Any CPU
		Release|Any CPU = Release|Any CPU
	EndGlobalSection
	GlobalSection(ProjectConfigurationPlatforms) = postSolution
		{1C923CBC-C794-4B20-907F-1AC68C28FE59}.Debug|Any CPU.ActiveCfg = Debug|Any CPU
		{1C923CBC-C794-4B20-907F-1AC68C28FE59}.Debug|Any CPU.Build.0 = Debug|Any CPU
		{1C923CBC-C794-4B20-907F-1AC68C28FE59}.Release|Any CPU.ActiveCfg = Release|Any CPU
		{1C923CBC-C794-4B20-907F-1AC68C28FE59}.Release|Any CPU.Build.0 = Release|Any CPU
	EndGlobalSection
	GlobalSection(SolutionProperties) = preSolution
		HideSolutionNode = FALSE
	EndGlobalSection
	GlobalSection(ExtensibilityGlobals) = postSolution
		SolutionGuid = {D630D2AF-075D-4F15-AE71-E173B3E13E2E}
	EndGlobalSection
EndGlobal
